<?xml version="1.0" encoding="utf-8"?>
<Project ToolsVersion="4.0" xmlns="http://schemas.microsoft.com/developer/msbuild/2003">
  <ItemGroup>
    <Filter Include="源文件">
      <UniqueIdentifier>{4FC737F1-C7A5-4376-A066-2A32D752A2FF}</UniqueIdentifier>
      <Extensions>cpp;c;cc;cxx;def;odl;idl;hpj;bat;asm;asmx</Extensions>
    </Filter>
    <Filter Include="头文件">
      <UniqueIdentifier>{93995380-89BD-4b04-88EB-625FBE52EBFB}</UniqueIdentifier>
      <Extensions>h;hh;hpp;hxx;hm;inl;inc;ipp;xsd</Extensions>
    </Filter>
    <Filter Include="资源文件">
      <UniqueIdentifier>{67DA6AB6-F800-4c08-8B7A-83BB121AAD01}</UniqueIdentifier>
      <Extensions>rc;ico;cur;bmp;dlg;rc2;rct;bin;rgs;gif;jpg;jpeg;jpe;resx;tiff;tif;png;wav;mfcribbon-ms</Extensions>
    </Filter>
    <Filter Include="头文件\Common">
      <UniqueIdentifier>{b6ee030f-307c-4ae2-aec8-738a361e99f5}</UniqueIdentifier>
    </Filter>
    <Filter Include="源文件\Common">
      <UniqueIdentifier>{32056cda-f609-4959-9234-8d9f481c4074}</UniqueIdentifier>
    </Filter>
    <Filter Include="源文件\1.03 Setup GLEW GLFW">
      <UniqueIdentifier>{9983baa3-7e12-4aa7-ac01-75e8dde578ab}</UniqueIdentifier>
    </Filter>
    <Filter Include="源文件\2.05 Shader and Triangle">
      <UniqueIdentifier>{151948f3-647f-4d71-aed5-cb1261582c48}</UniqueIdentifier>
    </Filter>
    <Filter Include="源文件\2.07 Uniform Variable">
      <UniqueIdentifier>{69cba009-a0da-498a-acbf-b9adbbbbf76c}</UniqueIdentifier>
    </Filter>
    <Filter Include="源文件\2.08 ~ 2.11 GLM Transform">
      <UniqueIdentifier>{d3083cba-219a-4f2a-8943-307cb1b37dc0}</UniqueIdentifier>
    </Filter>
    <Filter Include="源文件\2.13 Interpolation">
      <UniqueIdentifier>{fb4661f0-fc70-496c-8281-28efac6ca3c7}</UniqueIdentifier>
    </Filter>
    <Filter Include="源文件\2.14 Index Draw">
      <UniqueIdentifier>{0f8aae04-382f-4425-bc81-1b57d7d4799d}</UniqueIdentifier>
    </Filter>
    <Filter Include="源文件\2.15 Projections">
      <UniqueIdentifier>{6640fc4d-c124-483e-be40-46592c1b7609}</UniqueIdentifier>
    </Filter>
    <Filter Include="源文件\2.16 Clearup">
      <UniqueIdentifier>{ad4c2ef3-caae-4e94-b96a-408f3049112e}</UniqueIdentifier>
    </Filter>
    <Filter Include="源文件\3.18 Camera movement">
      <UniqueIdentifier>{5e53ff7a-7129-40f4-9804-29477ca13d3b}</UniqueIdentifier>
    </Filter>
    <Filter Include="源文件\4.21 Texture mapping">
      <UniqueIdentifier>{ee31ec1b-2aa8-4d2a-9788-a6a79779c448}</UniqueIdentifier>
    </Filter>
    <Filter Include="源文件\4.23 Ambient lighting">
      <UniqueIdentifier>{9cf6c438-5f81-47a5-a3ec-bfdf9f82261a}</UniqueIdentifier>
    </Filter>
    <Filter Include="源文件\4.24 Diffuse lighting">
      <UniqueIdentifier>{7f83ff28-31c9-4cf2-a130-9328fdd8d7ff}</UniqueIdentifier>
    </Filter>
    <Filter Include="源文件\4.25 Specular lighting">
      <UniqueIdentifier>{44a34f8e-3c80-429a-90bb-2e8feb9df710}</UniqueIdentifier>
    </Filter>
    <Filter Include="源文件\4.27 Point lights">
      <UniqueIdentifier>{c6d7b531-e353-4a19-b924-6645efbbaef2}</UniqueIdentifier>
    </Filter>
    <Filter Include="源文件\4.28 Spot lights">
      <UniqueIdentifier>{3784e395-43e3-48dd-9dc1-9f99d94dc720}</UniqueIdentifier>
    </Filter>
    <Filter Include="源文件\4.29 Model importing">
      <UniqueIdentifier>{1f67f42b-e6e0-4f87-bcf7-3fc878c28a3f}</UniqueIdentifier>
    </Filter>
    <Filter Include="源文件\5.31 Directional shadow maps">
      <UniqueIdentifier>{d59ce513-9167-4f9f-8f11-662ced725dbd}</UniqueIdentifier>
    </Filter>
    <Filter Include="源文件\5.33 Omnidirectional shadow maps">
      <UniqueIdentifier>{3a707fc1-1a07-4d5e-b5ba-e41165dfcc8b}</UniqueIdentifier>
    </Filter>
    <Filter Include="源文件\5.36 Skybox">
      <UniqueIdentifier>{5c219a87-dbb0-4309-ac0d-2ee453b67075}</UniqueIdentifier>
    </Filter>
  </ItemGroup>
  <ItemGroup>
    <ClCompile Include="1.03main.cpp">
      <Filter>源文件\1.03 Setup GLEW GLFW</Filter>
    </ClCompile>
    <ClCompile Include="2.05main.cpp">
      <Filter>源文件\2.05 Shader and Triangle</Filter>
    </ClCompile>
    <ClCompile Include="2.07main.cpp">
      <Filter>源文件\2.07 Uniform Variable</Filter>
    </ClCompile>
    <ClCompile Include="2.08main.cpp">
      <Filter>源文件\2.08 ~ 2.11 GLM Transform</Filter>
    </ClCompile>
    <ClCompile Include="2.13main.cpp">
      <Filter>源文件\2.13 Interpolation</Filter>
    </ClCompile>
    <ClCompile Include="2.14main.cpp">
      <Filter>源文件\2.14 Index Draw</Filter>
    </ClCompile>
    <ClCompile Include="2.15main.cpp">
      <Filter>源文件\2.15 Projections</Filter>
    </ClCompile>
    <ClCompile Include="Mesh.cpp">
      <Filter>源文件\Common</Filter>
    </ClCompile>
    <ClCompile Include="2.16main.cpp">
      <Filter>源文件\2.16 Clearup</Filter>
    </ClCompile>
    <ClCompile Include="Shader.cpp">
      <Filter>源文件\Common</Filter>
    </ClCompile>
    <ClCompile Include="Window.cpp">
      <Filter>源文件\Common</Filter>
    </ClCompile>
    <ClCompile Include="Camera.cpp">
      <Filter>源文件\Common</Filter>
    </ClCompile>
    <ClCompile Include="Texture.cpp">
      <Filter>源文件\Common</Filter>
    </ClCompile>
    <ClCompile Include="Light.cpp">
      <Filter>源文件\Common</Filter>
    </ClCompile>
    <ClCompile Include="Material.cpp">
      <Filter>源文件\Common</Filter>
    </ClCompile>
    <ClCompile Include="DirectionalLight.cpp">
      <Filter>源文件\Common</Filter>
    </ClCompile>
    <ClCompile Include="PointLight.cpp">
      <Filter>源文件\Common</Filter>
    </ClCompile>
    <ClCompile Include="3.18main.cpp">
      <Filter>源文件\3.18 Camera movement</Filter>
    </ClCompile>
    <ClCompile Include="4.21main.cpp">
      <Filter>源文件\4.21 Texture mapping</Filter>
    </ClCompile>
    <ClCompile Include="4.23main.cpp">
      <Filter>源文件\4.23 Ambient lighting</Filter>
    </ClCompile>
    <ClCompile Include="4.24main.cpp">
      <Filter>源文件\4.24 Diffuse lighting</Filter>
    </ClCompile>
    <ClCompile Include="4.25main.cpp">
      <Filter>源文件\4.25 Specular lighting</Filter>
    </ClCompile>
    <ClCompile Include="4.27main.cpp">
      <Filter>源文件\4.27 Point lights</Filter>
    </ClCompile>
    <ClCompile Include="4.28main.cpp">
      <Filter>源文件\4.28 Spot lights</Filter>
    </ClCompile>
    <ClCompile Include="4.29main.cpp">
      <Filter>源文件\4.29 Model importing</Filter>
    </ClCompile>
    <ClCompile Include="Model.cpp">
      <Filter>源文件\Common</Filter>
    </ClCompile>
    <ClCompile Include="SpotLight.cpp">
      <Filter>源文件\Common</Filter>
    </ClCompile>
    <ClCompile Include="5.31main.cpp">
      <Filter>源文件\5.31 Directional shadow maps</Filter>
    </ClCompile>
    <ClCompile Include="ShadowMap.cpp">
      <Filter>源文件\Common</Filter>
    </ClCompile>
    <ClCompile Include="5.33main.cpp">
      <Filter>源文件\5.33 Omnidirectional shadow maps</Filter>
    </ClCompile>
    <ClCompile Include="OmniShadowMap.cpp">
      <Filter>源文件\Common</Filter>
    </ClCompile>
    <ClCompile Include="5.36main.cpp">
      <Filter>源文件\5.36 Skybox</Filter>
    </ClCompile>
    <ClCompile Include="Skybox.cpp">
      <Filter>源文件</Filter>
    </ClCompile>
  </ItemGroup>
  <ItemGroup>
    <ClInclude Include="Mesh.h">
      <Filter>头文件\Common</Filter>
    </ClInclude>
    <ClInclude Include="Shader.h">
      <Filter>头文件\Common</Filter>
    </ClInclude>
    <ClInclude Include="Window.h">
      <Filter>头文件\Common</Filter>
    </ClInclude>
    <ClInclude Include="Camera.h">
      <Filter>头文件\Common</Filter>
    </ClInclude>
    <ClInclude Include="Texture.h">
      <Filter>头文件\Common</Filter>
    </ClInclude>
    <ClInclude Include="Light.h">
      <Filter>头文件\Common</Filter>
    </ClInclude>
    <ClInclude Include="Material.h">
      <Filter>头文件\Common</Filter>
    </ClInclude>
    <ClInclude Include="DirectionalLight.h">
      <Filter>头文件\Common</Filter>
    </ClInclude>
    <ClInclude Include="CommonValues.h">
      <Filter>头文件\Common</Filter>
    </ClInclude>
    <ClInclude Include="PointLight.h">
      <Filter>头文件\Common</Filter>
    </ClInclude>
    <ClInclude Include="Model.h">
      <Filter>头文件\Common</Filter>
    </ClInclude>
    <ClInclude Include="SpotLight.h">
      <Filter>头文件\Common</Filter>
    </ClInclude>
    <ClInclude Include="ShadowMap.h">
      <Filter>头文件\Common</Filter>
    </ClInclude>
    <ClInclude Include="OmniShadowMap.h">
      <Filter>头文件\Common</Filter>
    </ClInclude>
    <ClInclude Include="Skybox.h">
      <Filter>头文件</Filter>
    </ClInclude>
  </ItemGroup>
</Project>